
Microsoft Visual Studio Solution File, Format Version 12.00
# Visual Studio Version 17
VisualStudioVersion = 17.11.35219.272
MinimumVisualStudioVersion = 10.0.40219.1
Project("{FAE04EC0-301F-11D3-BF4B-00C04F79EFBC}") = "2 - Conexión a una base de datos", "2 - Conexión a una base de datos.csproj", "{1E6B11D5-BD08-464D-931C-1E9B8E8BF221}"
EndProject
Global
	GlobalSection(SolutionConfigurationPlatforms) = preSolution
		Debug|Any CPU = Debug|Any CPU
		Release|Any CPU = Release|Any CPU
	EndGlobalSection
	GlobalSection(ProjectConfigurationPlatforms) = postSolution
		{1E6B11D5-BD08-464D-931C-1E9B8E8BF221}.Debug|Any CPU.ActiveCfg = Debug|Any CPU
		{1E6B11D5-BD08-464D-931C-1E9B8E8BF221}.Debug|Any CPU.Build.0 = Debug|Any CPU
		{1E6B11D5-BD08-464D-931C-1E9B8E8BF221}.Release|Any CPU.ActiveCfg = Release|Any CPU
		{1E6B11D5-BD08-464D-931C-1E9B8E8BF221}.Release|Any CPU.Build.0 = Release|Any CPU
	EndGlobalSection
	GlobalSection(SolutionProperties) = preSolution
		HideSolutionNode = FALSE
	EndGlobalSection
	GlobalSection(ExtensibilityGlobals) = postSolution
		SolutionGuid = {F58A773D-B1A0-4E2A-822D-BD332443E3B8}
	EndGlobalSection
EndGlobal
